// !$*UTF8*$!
{
	archiveVersion = 1;
	classes = {
	};
	objectVersion = 46;
	objects = {

/* Begin PBXBuildFile section */
		827D62CE1EF3DA4700700DC2 /* AppDelegate.swift in Sources */ = {isa = PBXBuildFile; fileRef = 827D62CD1EF3DA4700700DC2 /* AppDelegate.swift */; };
		827D62D01EF3DA4700700DC2 /* ViewController.swift in Sources */ = {isa = PBXBuildFile; fileRef = 827D62CF1EF3DA4700700DC2 /* ViewController.swift */; };
		827D62D31EF3DA4800700DC2 /* Main.storyboard in Resources */ = {isa = PBXBuildFile; fileRef = 827D62D11EF3DA4800700DC2 /* Main.storyboard */; };
		827D62D51EF3DA4800700DC2 /* Assets.xcassets in Resources */ = {isa = PBXBuildFile; fileRef = 827D62D41EF3DA4800700DC2 /* Assets.xcassets */; };
		827D62D81EF3DA4800700DC2 /* LaunchScreen.storyboard in Resources */ = {isa = PBXBuildFile; fileRef = 827D62D61EF3DA4800700DC2 /* LaunchScreen.storyboard */; };
		827D62E31EF3DA4800700DC2 /* api_lib_swiftTests.swift in Sources */ = {isa = PBXBuildFile; fileRef = 827D62E21EF3DA4800700DC2 /* api_lib_swiftTests.swift */; };
/* End PBXBuildFile section */

/* Begin PBXContainerItemProxy section */
		827D62DF1EF3DA4800700DC2 /* PBXContainerItemProxy */ = {
			isa = PBXContainerItemProxy;
			containerPortal = 827D62C21EF3DA4700700DC2 /* Project object */;
			proxyType = 1;
			remoteGlobalIDString = 827D62C91EF3DA4700700DC2;
			remoteInfo = api.lib.swift;
		};
/* End PBXContainerItemProxy section */

/* Begin PBXFileReference section */
		827D62CA1EF3DA4700700DC2 /* api.lib.swift.app */ = {isa = PBXFileReference; explicitFileType = wrapper.application; includeInIndex = 0; path = api.lib.swift.app; sourceTree = BUILT_PRODUCTS_DIR; };
		827D62CD1EF3DA4700700DC2 /* AppDelegate.swift */ = {isa = PBXFileReference; lastKnownFileType = sourcecode.swift; path = AppDelegate.swift; sourceTree = "<group>"; };
		827D62CF1EF3DA4700700DC2 /* ViewController.swift */ = {isa = PBXFileReference; lastKnownFileType = sourcecode.swift; path = ViewController.swift; sourceTree = "<group>"; };
		827D62D21EF3DA4800700DC2 /* Base */ = {isa = PBXFileReference; lastKnownFileType = file.storyboard; name = Base; path = Base.lproj/Main.storyboard; sourceTree = "<group>"; };
		827D62D41EF3DA4800700DC2 /* Assets.xcassets */ = {isa = PBXFileReference; lastKnownFileType = folder.assetcatalog; path = Assets.xcassets; sourceTree = "<group>"; };
		827D62D71EF3DA4800700DC2 /* Base */ = {isa = PBXFileReference; lastKnownFileType = file.storyboard; name = Base; path = Base.lproj/LaunchScreen.storyboard; sourceTree = "<group>"; };
		827D62D91EF3DA4800700DC2 /* Info.plist */ = {isa = PBXFileReference; lastKnownFileType = text.plist.xml; path = Info.plist; sourceTree = "<group>"; };
		827D62DE1EF3DA4800700DC2 /* api.lib.swiftTests.xctest */ = {isa = PBXFileReference; explicitFileType = wrapper.cfbundle; includeInIndex = 0; path = api.lib.swiftTests.xctest; sourceTree = BUILT_PRODUCTS_DIR; };
		827D62E21EF3DA4800700DC2 /* api_lib_swiftTests.swift */ = {isa = PBXFileReference; lastKnownFileType = sourcecode.swift; path = api_lib_swiftTests.swift; sourceTree = "<group>"; };
		827D62E41EF3DA4800700DC2 /* Info.plist */ = {isa = PBXFileReference; lastKnownFileType = text.plist.xml; path = Info.plist; sourceTree = "<group>"; };
/* End PBXFileReference section */

/* Begin PBXFrameworksBuildPhase section */
		827D62C71EF3DA4700700DC2 /* Frameworks */ = {
			isa = PBXFrameworksBuildPhase;
			buildActionMask = 2147483647;
			files = (
			);
			runOnlyForDeploymentPostprocessing = 0;
		};
		827D62DB1EF3DA4800700DC2 /* Frameworks */ = {
			isa = PBXFrameworksBuildPhase;
			buildActionMask = 2147483647;
			files = (
			);
			runOnlyForDeploymentPostprocessing = 0;
		};
/* End PBXFrameworksBuildPhase section */

/* Begin PBXGroup section */
		827D62C11EF3DA4700700DC2 = {
			isa = PBXGroup;
			children = (
				827D62CC1EF3DA4700700DC2 /* api.lib.swift */,
				827D62E11EF3DA4800700DC2 /* api.lib.swiftTests */,
				827D62CB1EF3DA4700700DC2 /* Products */,
			);
			sourceTree = "<group>";
		};
		827D62CB1EF3DA4700700DC2 /* Products */ = {
			isa = PBXGroup;
			children = (
				827D62CA1EF3DA4700700DC2 /* api.lib.swift.app */,
				827D62DE1EF3DA4800700DC2 /* api.lib.swiftTests.xctest */,
			);
			name = Products;
			sourceTree = "<group>";
		};
		827D62CC1EF3DA4700700DC2 /* api.lib.swift */ = {
			isa = PBXGroup;
			children = (
				827D62CD1EF3DA4700700DC2 /* AppDelegate.swift */,
				827D62CF1EF3DA4700700DC2 /* ViewController.swift */,
				827D62D11EF3DA4800700DC2 /* Main.storyboard */,
				827D62D41EF3DA4800700DC2 /* Assets.xcassets */,
				827D62D61EF3DA4800700DC2 /* LaunchScreen.storyboard */,
				827D62D91EF3DA4800700DC2 /* Info.plist */,
			);
			path = api.lib.swift;
			sourceTree = "<group>";
		};
		827D62E11EF3DA4800700DC2 /* api.lib.swiftTests */ = {
			isa = PBXGroup;
			children = (
				827D62E21EF3DA4800700DC2 /* api_lib_swiftTests.swift */,
				827D62E41EF3DA4800700DC2 /* Info.plist */,
			);
			path = api.lib.swiftTests;
			sourceTree = "<group>";
		};
/* End PBXGroup section */

/* Begin PBXNativeTarget section */
		827D62C91EF3DA4700700DC2 /* api.lib.swift */ = {
			isa = PBXNativeTarget;
			buildConfigurationList = 827D62E71EF3DA4800700DC2 /* Build configuration list for PBXNativeTarget "api.lib.swift" */;
			buildPhases = (
				827D62C61EF3DA4700700DC2 /* Sources */,
				827D62C71EF3DA4700700DC2 /* Frameworks */,
				827D62C81EF3DA4700700DC2 /* Resources */,
			);
			buildRules = (
			);
			dependencies = (
			);
			name = api.lib.swift;
			productName = api.lib.swift;
			productReference = 827D62CA1EF3DA4700700DC2 /* api.lib.swift.app */;
			productType = "com.apple.product-type.application";
		};
		827D62DD1EF3DA4800700DC2 /* api.lib.swiftTests */ = {
			isa = PBXNativeTarget;
			buildConfigurationList = 827D62EA1EF3DA4800700DC2 /* Build configuration list for PBXNativeTarget "api.lib.swiftTests" */;
			buildPhases = (
				827D62DA1EF3DA4800700DC2 /* Sources */,
				827D62DB1EF3DA4800700DC2 /* Frameworks */,
				827D62DC1EF3DA4800700DC2 /* Resources */,
			);
			buildRules = (
			);
			dependencies = (
				827D62E01EF3DA4800700DC2 /* PBXTargetDependency */,
			);
			name = api.lib.swiftTests;
			productName = api.lib.swiftTests;
			productReference = 827D62DE1EF3DA4800700DC2 /* api.lib.swiftTests.xctest */;
			productType = "com.apple.product-type.bundle.unit-test";
		};
/* End PBXNativeTarget section */

/* Begin PBXProject section */
		827D62C21EF3DA4700700DC2 /* Project object */ = {
			isa = PBXProject;
			attributes = {
				LastSwiftUpdateCheck = 0830;
				LastUpgradeCheck = 0830;
				ORGANIZATIONNAME = Rentlio;
				TargetAttributes = {
					827D62C91EF3DA4700700DC2 = {
						CreatedOnToolsVersion = 8.3.1;
						DevelopmentTeam = GQ945MPSLZ;
						ProvisioningStyle = Automatic;
					};
					827D62DD1EF3DA4800700DC2 = {
						CreatedOnToolsVersion = 8.3.1;
						DevelopmentTeam = GQ945MPSLZ;
						ProvisioningStyle = Automatic;
						TestTargetID = 827D62C91EF3DA4700700DC2;
					};
				};
			};
			buildConfigurationList = 827D62C51EF3DA4700700DC2 /* Build configuration list for PBXProject "api.lib.swift" */;
			compatibilityVersion = "Xcode 3.2";
			developmentRegion = English;
			hasScannedForEncodings = 0;
			knownRegions = (
				en,
				Base,
			);
			mainGroup = 827D62C11EF3DA4700700DC2;
			productRefGroup = 827D62CB1EF3DA4700700DC2 /* Products */;
			projectDirPath = "";
			projectRoot = "";
			targets = (
				827D62C91EF3DA4700700DC2 /* api.lib.swift */,
				827D62DD1EF3DA4800700DC2 /* api.lib.swiftTests */,
			);
		};
/* End PBXProject section */

/* Begin PBXResourcesBuildPhase section */
		827D62C81EF3DA4700700DC2 /* Resources */ = {
			isa = PBXResourcesBuildPhase;
			buildActionMask = 2147483647;
			files = (
				827D62D81EF3DA4800700DC2 /* LaunchScreen.storyboard in Resources */,
				827D62D51EF3DA4800700DC2 /* Assets.xcassets in Resources */,
				827D62D31EF3DA4800700DC2 /* Main.storyboard in Resources */,
			);
			runOnlyForDeploymentPostprocessing = 0;
		};
		827D62DC1EF3DA4800700DC2 /* Resources */ = {
			isa = PBXResourcesBuildPhase;
			buildActionMask = 2147483647;
			files = (
			);
			runOnlyForDeploymentPostprocessing = 0;
		};
/* End PBXResourcesBuildPhase section */

/* Begin PBXSourcesBuildPhase section */
		827D62C61EF3DA4700700DC2 /* Sources */ = {
			isa = PBXSourcesBuildPhase;
			buildActionMask = 2147483647;
			files = (
				827D62D01EF3DA4700700DC2 /* ViewController.swift in Sources */,
				827D62CE1EF3DA4700700DC2 /* AppDelegate.swift in Sources */,
			);
			runOnlyForDeploymentPostprocessing = 0;
		};
		827D62DA1EF3DA4800700DC2 /* Sources */ = {
			isa = PBXSourcesBuildPhase;
			buildActionMask = 2147483647;
			files = (
				827D62E31EF3DA4800700DC2 /* api_lib_swiftTests.swift in Sources */,
			);
			runOnlyForDeploymentPostprocessing = 0;
		};
/* End PBXSourcesBuildPhase section */

/* Begin PBXTargetDependency section */
		827D62E01EF3DA4800700DC2 /* PBXTargetDependency */ = {
			isa = PBXTargetDependency;
			target = 827D62C91EF3DA4700700DC2 /* api.lib.swift */;
			targetProxy = 827D62DF1EF3DA4800700DC2 /* PBXContainerItemProxy */;
		};
/* End PBXTargetDependency section */

/* Begin PBXVariantGroup section */
		827D62D11EF3DA4800700DC2 /* Main.storyboard */ = {
			isa = PBXVariantGroup;
			children = (
				827D62D21EF3DA4800700DC2 /* Base */,
			);
			name = Main.storyboard;
			sourceTree = "<group>";
		};
		827D62D61EF3DA4800700DC2 /* LaunchScreen.storyboard */ = {
			isa = PBXVariantGroup;
			children = (
				827D62D71EF3DA4800700DC2 /* Base */,
			);
			name = LaunchScreen.storyboard;
			sourceTree = "<group>";
		};
/* End PBXVariantGroup section */

/* Begin XCBuildConfiguration section */
		827D62E51EF3DA4800700DC2 /* Debug */ = {
			isa = XCBuildConfiguration;
			buildSettings = {
				ALWAYS_SEARCH_USER_PATHS = NO;
				CLANG_ANALYZER_NONNULL = YES;
				CLANG_ANALYZER_NUMBER_OBJECT_CONVERSION = YES_AGGRESSIVE;
				CLANG_CXX_LANGUAGE_STANDARD = "gnu++0x";
				CLANG_CXX_LIBRARY = "libc++";
				CLANG_ENABLE_MODULES = YES;
				CLANG_ENABLE_OBJC_ARC = YES;
				CLANG_WARN_BOOL_CONVERSION = YES;
				CLANG_WARN_CONSTANT_CONVERSION = YES;
				CLANG_WARN_DIRECT_OBJC_ISA_USAGE = YES_ERROR;
				CLANG_WARN_DOCUMENTATION_COMMENTS = YES;
				CLANG_WARN_EMPTY_BODY = YES;
				CLANG_WARN_ENUM_CONVERSION = YES;
				CLANG_WARN_INFINITE_RECURSION = YES;
				CLANG_WARN_INT_CONVERSION = YES;
				CLANG_WARN_OBJC_ROOT_CLASS = YES_ERROR;
				CLANG_WARN_SUSPICIOUS_MOVE = YES;
				CLANG_WARN_UNREACHABLE_CODE = YES;
				CLANG_WARN__DUPLICATE_METHOD_MATCH = YES;
				"CODE_SIGN_IDENTITY[sdk=iphoneos*]" = "iPhone Developer";
				COPY_PHASE_STRIP = NO;
				DEBUG_INFORMATION_FORMAT = dwarf;
				ENABLE_STRICT_OBJC_MSGSEND = YES;
				ENABLE_TESTABILITY = YES;
				GCC_C_LANGUAGE_STANDARD = gnu99;
				GCC_DYNAMIC_NO_PIC = NO;
				GCC_NO_COMMON_BLOCKS = YES;
				GCC_OPTIMIZATION_LEVEL = 0;
				GCC_PREPROCESSOR_DEFINITIONS = (
					"DEBUG=1",
					"$(inherited)",
				);
				GCC_WARN_64_TO_32_BIT_CONVERSION = YES;
				GCC_WARN_ABOUT_RETURN_TYPE = YES_ERROR;
				GCC_WARN_UNDECLARED_SELECTOR = YES;
				GCC_WARN_UNINITIALIZED_AUTOS = YES_AGGRESSIVE;
				GCC_WARN_UNUSED_FUNCTION = YES;
				GCC_WARN_UNUSED_VARIABLE = YES;
				IPHONEOS_DEPLOYMENT_TARGET = 10.3;
				MTL_ENABLE_DEBUG_INFO = YES;
				ONLY_ACTIVE_ARCH = YES;
				SDKROOT = iphoneos;
				SWIFT_ACTIVE_COMPILATION_CONDITIONS = DEBUG;
				SWIFT_OPTIMIZATION_LEVEL = "-Onone";
			};
			name = Debug;
		};
		827D62E61EF3DA4800700DC2 /* Release */ = {
			isa = XCBuildConfiguration;
			buildSettings = {
				ALWAYS_SEARCH_USER_PATHS = NO;
				CLANG_ANALYZER_NONNULL = YES;
				CLANG_ANALYZER_NUMBER_OBJECT_CONVERSION = YES_AGGRESSIVE;
				CLANG_CXX_LANGUAGE_STANDARD = "gnu++0x";
				CLANG_CXX_LIBRARY = "libc++";
				CLANG_ENABLE_MODULES = YES;
				CLANG_ENABLE_OBJC_ARC = YES;
				CLANG_WARN_BOOL_CONVERSION = YES;
				CLANG_WARN_CONSTANT_CONVERSION = YES;
				CLANG_WARN_DIRECT_OBJC_ISA_USAGE = YES_ERROR;
				CLANG_WARN_DOCUMENTATION_COMMENTS = YES;
				CLANG_WARN_EMPTY_BODY = YES;
				CLANG_WARN_ENUM_CONVERSION = YES;
				CLANG_WARN_INFINITE_RECURSION = YES;
				CLANG_WARN_INT_CONVERSION = YES;
				CLANG_WARN_OBJC_ROOT_CLASS = YES_ERROR;
				CLANG_WARN_SUSPICIOUS_MOVE = YES;
				CLANG_WARN_UNREACHABLE_CODE = YES;
				CLANG_WARN__DUPLICATE_METHOD_MATCH = YES;
				"CODE_SIGN_IDENTITY[sdk=iphoneos*]" = "iPhone Developer";
				COPY_PHASE_STRIP = NO;
				DEBUG_INFORMATION_FORMAT = "dwarf-with-dsym";
				ENABLE_NS_ASSERTIONS = NO;
				ENABLE_STRICT_OBJC_MSGSEND = YES;
				GCC_C_LANGUAGE_STANDARD = gnu99;
				GCC_NO_COMMON_BLOCKS = YES;
				GCC_WARN_64_TO_32_BIT_CONVERSION = YES;
				GCC_WARN_ABOUT_RETURN_TYPE = YES_ERROR;
				GCC_WARN_UNDECLARED_SELECTOR = YES;
				GCC_WARN_UNINITIALIZED_AUTOS = YES_AGGRESSIVE;
				GCC_WARN_UNUSED_FUNCTION = YES;
				GCC_WARN_UNUSED_VARIABLE = YES;
				IPHONEOS_DEPLOYMENT_TARGET = 10.3;
				MTL_ENABLE_DEBUG_INFO = NO;
				SDKROOT = iphoneos;
				SWIFT_OPTIMIZATION_LEVEL = "-Owholemodule";
				VALIDATE_PRODUCT = YES;
			};
			name = Release;
		};
		827D62E81EF3DA4800700DC2 /* Debug */ = {
			isa = XCBuildConfiguration;
			buildSettings = {
				ASSETCATALOG_COMPILER_APPICON_NAME = AppIcon;
				DEVELOPMENT_TEAM = GQ945MPSLZ;
				INFOPLIST_FILE = api.lib.swift/Info.plist;
				LD_RUNPATH_SEARCH_PATHS = "$(inherited) @executable_path/Frameworks";
				PRODUCT_BUNDLE_IDENTIFIER = "com.jurajhilje.api-lib-swift";
				PRODUCT_NAME = "$(TARGET_NAME)";
				SWIFT_VERSION = 3.0;
			};
			name = Debug;
		};
		827D62E91EF3DA4800700DC2 /* Release */ = {
			isa = XCBuildConfiguration;
			buildSettings = {
				ASSETCATALOG_COMPILER_APPICON_NAME = AppIcon;
				DEVELOPMENT_TEAM = GQ945MPSLZ;
				INFOPLIST_FILE = api.lib.swift/Info.plist;
				LD_RUNPATH_SEARCH_PATHS = "$(inherited) @executable_path/Frameworks";
				PRODUCT_BUNDLE_IDENTIFIER = "com.jurajhilje.api-lib-swift";
				PRODUCT_NAME = "$(TARGET_NAME)";
				SWIFT_VERSION = 3.0;
			};
			name = Release;
		};
		827D62EB1EF3DA4800700DC2 /* Debug */ = {
			isa = XCBuildConfiguration;
			buildSettings = {
				ALWAYS_EMBED_SWIFT_STANDARD_LIBRARIES = YES;
				BUNDLE_LOADER = "$(TEST_HOST)";
				DEVELOPMENT_TEAM = GQ945MPSLZ;
				INFOPLIST_FILE = api.lib.swiftTests/Info.plist;
				LD_RUNPATH_SEARCH_PATHS = "$(inherited) @executable_path/Frameworks @loader_path/Frameworks";
				PRODUCT_BUNDLE_IDENTIFIER = "com.jurajhilje.api-lib-swiftTests";
				PRODUCT_NAME = "$(TARGET_NAME)";
				SWIFT_VERSION = 3.0;
				TEST_HOST = "$(BUILT_PRODUCTS_DIR)/api.lib.swift.app/api.lib.swift";
			};
			name = Debug;
		};
		827D62EC1EF3DA4800700DC2 /* Release */ = {
			isa = XCBuildConfiguration;
			buildSettings = {
				ALWAYS_EMBED_SWIFT_STANDARD_LIBRARIES = YES;
				BUNDLE_LOADER = "$(TEST_HOST)";
				DEVELOPMENT_TEAM = GQ945MPSLZ;
				INFOPLIST_FILE = api.lib.swiftTests/Info.plist;
				LD_RUNPATH_SEARCH_PATHS = "$(inherited) @executable_path/Frameworks @loader_path/Frameworks";
				PRODUCT_BUNDLE_IDENTIFIER = "com.jurajhilje.api-lib-swiftTests";
				PRODUCT_NAME = "$(TARGET_NAME)";
				SWIFT_VERSION = 3.0;
				TEST_HOST = "$(BUILT_PRODUCTS_DIR)/api.lib.swift.app/api.lib.swift";
			};
			name = Release;
		};
/* End XCBuildConfiguration section */

/* Begin XCConfigurationList section */
		827D62C51EF3DA4700700DC2 /* Build configuration list for PBXProject "api.lib.swift" */ = {
			isa = XCConfigurationList;
			buildConfigurations = (
				827D62E51EF3DA4800700DC2 /* Debug */,
				827D62E61EF3DA4800700DC2 /* Release */,
			);
			defaultConfigurationIsVisible = 0;
			defaultConfigurationName = Release;
		};
		827D62E71EF3DA4800700DC2 /* Build configuration list for PBXNativeTarget "api.lib.swift" */ = {
			isa = XCConfigurationList;
			buildConfigurations = (
				827D62E81EF3DA4800700DC2 /* Debug */,
				827D62E91EF3DA4800700DC2 /* Release */,
			);
			defaultConfigurationIsVisible = 0;
		};
		827D62EA1EF3DA4800700DC2 /* Build configuration list for PBXNativeTarget "api.lib.swiftTests" */ = {
			isa = XCConfigurationList;
			buildConfigurations = (
				827D62EB1EF3DA4800700DC2 /* Debug */,
				827D62EC1EF3DA4800700DC2 /* Release */,
			);
			defaultConfigurationIsVisible = 0;
		};
/* End XCConfigurationList section */
	};
	rootObject = 827D62C21EF3DA4700700DC2 /* Project object */;
}
